
Microsoft Visual Studio Solution File, Format Version 12.00
# Visual Studio Version 16
VisualStudioVersion = 16.0.31729.503
MinimumVisualStudioVersion = 10.0.40219.1
Project("{FAE04EC0-301F-11D3-BF4B-00C04F79EFBC}") = "TestGit", "TestGit\TestGit.csproj", "{AA6CF8A6-0A54-4CFC-9109-BF76B0BBBB30}"
EndProject
Global
	GlobalSection(SolutionConfigurationPlatforms) = preSolution
		Debug|Any CPU = Debug|Any CPU
		Release|Any CPU = Release|Any CPU
	EndGlobalSection
	GlobalSection(ProjectConfigurationPlatforms) = postSolution
		{AA6CF8A6-0A54-4CFC-9109-BF76B0BBBB30}.Debug|Any CPU.ActiveCfg = Debug|Any CPU
		{AA6CF8A6-0A54-4CFC-9109-BF76B0BBBB30}.Debug|Any CPU.Build.0 = Debug|Any CPU
		{AA6CF8A6-0A54-4CFC-9109-BF76B0BBBB30}.Release|Any CPU.ActiveCfg = Release|Any CPU
		{AA6CF8A6-0A54-4CFC-9109-BF76B0BBBB30}.Release|Any CPU.Build.0 = Release|Any CPU
	EndGlobalSection
	GlobalSection(SolutionProperties) = preSolution
		HideSolutionNode = FALSE
	EndGlobalSection
	GlobalSection(ExtensibilityGlobals) = postSolution
		SolutionGuid = {86AF072E-681F-4069-AC56-A0BA0CCB552E}
	EndGlobalSection
EndGlobal
